
Microsoft Visual Studio Solution File, Format Version 12.00
# Visual Studio Version 16
VisualStudioVersion = 16.0.30011.22
MinimumVisualStudioVersion = 10.0.40219.1
Project("{9A19103F-16F7-4668-BE54-9A1E7A4F7556}") = "TrashCollectorProject", "TrashCollectorProject\TrashCollectorProject.csproj", "{B35896BF-D331-47D4-9071-7C91F7A5610A}"
EndProject
Global
	GlobalSection(SolutionConfigurationPlatforms) = preSolution
		Debug|Any CPU = Debug|Any CPU
		Release|Any CPU = Release|Any CPU
	EndGlobalSection
	GlobalSection(ProjectConfigurationPlatforms) = postSolution
		{B35896BF-D331-47D4-9071-7C91F7A5610A}.Debug|Any CPU.ActiveCfg = Debug|Any CPU
		{B35896BF-D331-47D4-9071-7C91F7A5610A}.Debug|Any CPU.Build.0 = Debug|Any CPU
		{B35896BF-D331-47D4-9071-7C91F7A5610A}.Release|Any CPU.ActiveCfg = Release|Any CPU
		{B35896BF-D331-47D4-9071-7C91F7A5610A}.Release|Any CPU.Build.0 = Release|Any CPU
	EndGlobalSection
	GlobalSection(SolutionProperties) = preSolution
		HideSolutionNode = FALSE
	EndGlobalSection
	GlobalSection(ExtensibilityGlobals) = postSolution
		SolutionGuid = {E112BD36-2AAC-485A-9F6E-387EDF9D413C}
	EndGlobalSection
EndGlobal
